
Microsoft Visual Studio Solution File, Format Version 12.00
# Visual Studio Version 17
VisualStudioVersion = 17.10.35013.160
MinimumVisualStudioVersion = 10.0.40219.1
Project("{FAE04EC0-301F-11D3-BF4B-00C04F79EFBC}") = "Task-Management-System", "Task-Management-System\Task-Management-System.csproj", "{A7A65ED8-DB43-42DD-B4D9-725948AFD260}"
EndProject
Global
	GlobalSection(SolutionConfigurationPlatforms) = preSolution
		Debug|Any CPU = Debug|Any CPU
		Release|Any CPU = Release|Any CPU
	EndGlobalSection
	GlobalSection(ProjectConfigurationPlatforms) = postSolution
		{A7A65ED8-DB43-42DD-B4D9-725948AFD260}.Debug|Any CPU.ActiveCfg = Debug|Any CPU
		{A7A65ED8-DB43-42DD-B4D9-725948AFD260}.Debug|Any CPU.Build.0 = Debug|Any CPU
		{A7A65ED8-DB43-42DD-B4D9-725948AFD260}.Release|Any CPU.ActiveCfg = Release|Any CPU
		{A7A65ED8-DB43-42DD-B4D9-725948AFD260}.Release|Any CPU.Build.0 = Release|Any CPU
	EndGlobalSection
	GlobalSection(SolutionProperties) = preSolution
		HideSolutionNode = FALSE
	EndGlobalSection
	GlobalSection(ExtensibilityGlobals) = postSolution
		SolutionGuid = {0D07E82A-350B-4117-9B29-CF441AF11CB3}
	EndGlobalSection
EndGlobal
